// !$*UTF8*$!
{
	archiveVersion = 1;
	classes = {
	};
	objectVersion = 56;
	objects = {

/* Begin PBXBuildFile section */
		512A2D2D2A751DC200115AFC /* AppDelegate.swift in Sources */ = {isa = PBXBuildFile; fileRef = 512A2D2C2A751DC200115AFC /* AppDelegate.swift */; };
		512A2D2F2A751DC200115AFC /* SceneDelegate.swift in Sources */ = {isa = PBXBuildFile; fileRef = 512A2D2E2A751DC200115AFC /* SceneDelegate.swift */; };
		512A2D312A751DC200115AFC /* MainTabBarViewController.swift in Sources */ = {isa = PBXBuildFile; fileRef = 512A2D302A751DC200115AFC /* MainTabBarViewController.swift */; };
		512A2D362A751DC300115AFC /* Assets.xcassets in Resources */ = {isa = PBXBuildFile; fileRef = 512A2D352A751DC300115AFC /* Assets.xcassets */; };
		512A2D392A751DC300115AFC /* LaunchScreen.storyboard in Resources */ = {isa = PBXBuildFile; fileRef = 512A2D372A751DC300115AFC /* LaunchScreen.storyboard */; };
		512A2D432A751F8600115AFC /* HomeViewController.swift in Sources */ = {isa = PBXBuildFile; fileRef = 512A2D422A751F8600115AFC /* HomeViewController.swift */; };
		512A2D452A751F9200115AFC /* SearchViewController.swift in Sources */ = {isa = PBXBuildFile; fileRef = 512A2D442A751F9200115AFC /* SearchViewController.swift */; };
		512A2D472A751F9E00115AFC /* NotificationViewController.swift in Sources */ = {isa = PBXBuildFile; fileRef = 512A2D462A751F9E00115AFC /* NotificationViewController.swift */; };
		512A2D492A751FAE00115AFC /* DirectMessagesViewController.swift in Sources */ = {isa = PBXBuildFile; fileRef = 512A2D482A751FAE00115AFC /* DirectMessagesViewController.swift */; };
		512A2D4C2A75246500115AFC /* TweetTableViewCell.swift in Sources */ = {isa = PBXBuildFile; fileRef = 512A2D4B2A75246500115AFC /* TweetTableViewCell.swift */; };
		512A2D4F2A7536D700115AFC /* ProfileViewController.swift in Sources */ = {isa = PBXBuildFile; fileRef = 512A2D4E2A7536D700115AFC /* ProfileViewController.swift */; };
		512A2D512A753B4B00115AFC /* ProfileTableViewHeader.swift in Sources */ = {isa = PBXBuildFile; fileRef = 512A2D502A753B4B00115AFC /* ProfileTableViewHeader.swift */; };
		512A2D532A757E8200115AFC /* GoogleService-Info.plist in Resources */ = {isa = PBXBuildFile; fileRef = 512A2D522A757E8200115AFC /* GoogleService-Info.plist */; };
		512A2D562A75836A00115AFC /* FirebaseAuth in Frameworks */ = {isa = PBXBuildFile; productRef = 512A2D552A75836A00115AFC /* FirebaseAuth */; };
		512A2D582A75836A00115AFC /* FirebaseAuthCombine-Community in Frameworks */ = {isa = PBXBuildFile; productRef = 512A2D572A75836A00115AFC /* FirebaseAuthCombine-Community */; };
		512A2D5A2A75836A00115AFC /* FirebaseDatabase in Frameworks */ = {isa = PBXBuildFile; productRef = 512A2D592A75836A00115AFC /* FirebaseDatabase */; };
		512A2D5C2A75836A00115AFC /* FirebaseDatabaseSwift in Frameworks */ = {isa = PBXBuildFile; productRef = 512A2D5B2A75836A00115AFC /* FirebaseDatabaseSwift */; };
		512A2D5E2A75836A00115AFC /* FirebaseFirestore in Frameworks */ = {isa = PBXBuildFile; productRef = 512A2D5D2A75836A00115AFC /* FirebaseFirestore */; };
		512A2D602A75836A00115AFC /* FirebaseFirestoreCombine-Community in Frameworks */ = {isa = PBXBuildFile; productRef = 512A2D5F2A75836A00115AFC /* FirebaseFirestoreCombine-Community */; };
		512A2D622A75836A00115AFC /* FirebaseFirestoreSwift in Frameworks */ = {isa = PBXBuildFile; productRef = 512A2D612A75836A00115AFC /* FirebaseFirestoreSwift */; };
		512A2D642A75836A00115AFC /* FirebaseStorage in Frameworks */ = {isa = PBXBuildFile; productRef = 512A2D632A75836A00115AFC /* FirebaseStorage */; };
		512A2D662A75836A00115AFC /* FirebaseStorageCombine-Community in Frameworks */ = {isa = PBXBuildFile; productRef = 512A2D652A75836A00115AFC /* FirebaseStorageCombine-Community */; };
		512A2D692A7585ED00115AFC /* OnboardingViewController.swift in Sources */ = {isa = PBXBuildFile; fileRef = 512A2D682A7585ED00115AFC /* OnboardingViewController.swift */; };
		512A2D6B2A758DFA00115AFC /* RegisterViewController.swift in Sources */ = {isa = PBXBuildFile; fileRef = 512A2D6A2A758DFA00115AFC /* RegisterViewController.swift */; };
		512A2D6E2A763DE800115AFC /* AuthenticationViewViewModel.swift in Sources */ = {isa = PBXBuildFile; fileRef = 512A2D6D2A763DE800115AFC /* AuthenticationViewViewModel.swift */; };
		512A2D712A76434700115AFC /* AuthManager.swift in Sources */ = {isa = PBXBuildFile; fileRef = 512A2D702A76434700115AFC /* AuthManager.swift */; };
		512A2D732A7655E000115AFC /* LoginViewController.swift in Sources */ = {isa = PBXBuildFile; fileRef = 512A2D722A7655E000115AFC /* LoginViewController.swift */; };
		512A2D762A76ACEB00115AFC /* TwitterUser.swift in Sources */ = {isa = PBXBuildFile; fileRef = 512A2D752A76ACEB00115AFC /* TwitterUser.swift */; };
		512A2D782A76AD9100115AFC /* DatabaseManager.swift in Sources */ = {isa = PBXBuildFile; fileRef = 512A2D772A76AD9100115AFC /* DatabaseManager.swift */; };
		512A2D7A2A76B66500115AFC /* HomeViewViewModel.swift in Sources */ = {isa = PBXBuildFile; fileRef = 512A2D792A76B66500115AFC /* HomeViewViewModel.swift */; };
		512A2D7C2A76BC3A00115AFC /* ProfileDataFormViewController.swift in Sources */ = {isa = PBXBuildFile; fileRef = 512A2D7B2A76BC3A00115AFC /* ProfileDataFormViewController.swift */; };
		512A2D7E2A76BD2500115AFC /* ProfileDataFormViewViewModel.swift in Sources */ = {isa = PBXBuildFile; fileRef = 512A2D7D2A76BD2500115AFC /* ProfileDataFormViewViewModel.swift */; };
/* End PBXBuildFile section */

/* Begin PBXFileReference section */
		512A2D292A751DC200115AFC /* TwitterClone.app */ = {isa = PBXFileReference; explicitFileType = wrapper.application; includeInIndex = 0; path = TwitterClone.app; sourceTree = BUILT_PRODUCTS_DIR; };
		512A2D2C2A751DC200115AFC /* AppDelegate.swift */ = {isa = PBXFileReference; lastKnownFileType = sourcecode.swift; path = AppDelegate.swift; sourceTree = "<group>"; };
		512A2D2E2A751DC200115AFC /* SceneDelegate.swift */ = {isa = PBXFileReference; lastKnownFileType = sourcecode.swift; path = SceneDelegate.swift; sourceTree = "<group>"; };
		512A2D302A751DC200115AFC /* MainTabBarViewController.swift */ = {isa = PBXFileReference; lastKnownFileType = sourcecode.swift; path = MainTabBarViewController.swift; sourceTree = "<group>"; };
		512A2D352A751DC300115AFC /* Assets.xcassets */ = {isa = PBXFileReference; lastKnownFileType = folder.assetcatalog; path = Assets.xcassets; sourceTree = "<group>"; };
		512A2D382A751DC300115AFC /* Base */ = {isa = PBXFileReference; lastKnownFileType = file.storyboard; name = Base; path = Base.lproj/LaunchScreen.storyboard; sourceTree = "<group>"; };
		512A2D3A2A751DC300115AFC /* Info.plist */ = {isa = PBXFileReference; lastKnownFileType = text.plist.xml; path = Info.plist; sourceTree = "<group>"; };
		512A2D422A751F8600115AFC /* HomeViewController.swift */ = {isa = PBXFileReference; lastKnownFileType = sourcecode.swift; path = HomeViewController.swift; sourceTree = "<group>"; };
		512A2D442A751F9200115AFC /* SearchViewController.swift */ = {isa = PBXFileReference; lastKnownFileType = sourcecode.swift; path = SearchViewController.swift; sourceTree = "<group>"; };
		512A2D462A751F9E00115AFC /* NotificationViewController.swift */ = {isa = PBXFileReference; lastKnownFileType = sourcecode.swift; path = NotificationViewController.swift; sourceTree = "<group>"; };
		512A2D482A751FAE00115AFC /* DirectMessagesViewController.swift */ = {isa = PBXFileReference; lastKnownFileType = sourcecode.swift; path = DirectMessagesViewController.swift; sourceTree = "<group>"; };
		512A2D4B2A75246500115AFC /* TweetTableViewCell.swift */ = {isa = PBXFileReference; lastKnownFileType = sourcecode.swift; path = TweetTableViewCell.swift; sourceTree = "<group>"; };
		512A2D4E2A7536D700115AFC /* ProfileViewController.swift */ = {isa = PBXFileReference; lastKnownFileType = sourcecode.swift; path = ProfileViewController.swift; sourceTree = "<group>"; };
		512A2D502A753B4B00115AFC /* ProfileTableViewHeader.swift */ = {isa = PBXFileReference; lastKnownFileType = sourcecode.swift; path = ProfileTableViewHeader.swift; sourceTree = "<group>"; };
		512A2D522A757E8200115AFC /* GoogleService-Info.plist */ = {isa = PBXFileReference; fileEncoding = 4; lastKnownFileType = text.plist.xml; path = "GoogleService-Info.plist"; sourceTree = "<group>"; };
		512A2D682A7585ED00115AFC /* OnboardingViewController.swift */ = {isa = PBXFileReference; lastKnownFileType = sourcecode.swift; path = OnboardingViewController.swift; sourceTree = "<group>"; };
		512A2D6A2A758DFA00115AFC /* RegisterViewController.swift */ = {isa = PBXFileReference; lastKnownFileType = sourcecode.swift; path = RegisterViewController.swift; sourceTree = "<group>"; };
		512A2D6D2A763DE800115AFC /* AuthenticationViewViewModel.swift */ = {isa = PBXFileReference; lastKnownFileType = sourcecode.swift; path = AuthenticationViewViewModel.swift; sourceTree = "<group>"; };
		512A2D702A76434700115AFC /* AuthManager.swift */ = {isa = PBXFileReference; lastKnownFileType = sourcecode.swift; path = AuthManager.swift; sourceTree = "<group>"; };
		512A2D722A7655E000115AFC /* LoginViewController.swift */ = {isa = PBXFileReference; lastKnownFileType = sourcecode.swift; path = LoginViewController.swift; sourceTree = "<group>"; };
		512A2D752A76ACEB00115AFC /* TwitterUser.swift */ = {isa = PBXFileReference; lastKnownFileType = sourcecode.swift; path = TwitterUser.swift; sourceTree = "<group>"; };
		512A2D772A76AD9100115AFC /* DatabaseManager.swift */ = {isa = PBXFileReference; lastKnownFileType = sourcecode.swift; path = DatabaseManager.swift; sourceTree = "<group>"; };
		512A2D792A76B66500115AFC /* HomeViewViewModel.swift */ = {isa = PBXFileReference; lastKnownFileType = sourcecode.swift; path = HomeViewViewModel.swift; sourceTree = "<group>"; };
		512A2D7B2A76BC3A00115AFC /* ProfileDataFormViewController.swift */ = {isa = PBXFileReference; lastKnownFileType = sourcecode.swift; path = ProfileDataFormViewController.swift; sourceTree = "<group>"; };
		512A2D7D2A76BD2500115AFC /* ProfileDataFormViewViewModel.swift */ = {isa = PBXFileReference; lastKnownFileType = sourcecode.swift; path = ProfileDataFormViewViewModel.swift; sourceTree = "<group>"; };
/* End PBXFileReference section */

/* Begin PBXFrameworksBuildPhase section */
		512A2D262A751DC200115AFC /* Frameworks */ = {
			isa = PBXFrameworksBuildPhase;
			buildActionMask = 2147483647;
			files = (
				512A2D5C2A75836A00115AFC /* FirebaseDatabaseSwift in Frameworks */,
				512A2D5A2A75836A00115AFC /* FirebaseDatabase in Frameworks */,
				512A2D562A75836A00115AFC /* FirebaseAuth in Frameworks */,
				512A2D622A75836A00115AFC /* FirebaseFirestoreSwift in Frameworks */,
				512A2D602A75836A00115AFC /* FirebaseFirestoreCombine-Community in Frameworks */,
				512A2D642A75836A00115AFC /* FirebaseStorage in Frameworks */,
				512A2D5E2A75836A00115AFC /* FirebaseFirestore in Frameworks */,
				512A2D662A75836A00115AFC /* FirebaseStorageCombine-Community in Frameworks */,
				512A2D582A75836A00115AFC /* FirebaseAuthCombine-Community in Frameworks */,
			);
			runOnlyForDeploymentPostprocessing = 0;
		};
/* End PBXFrameworksBuildPhase section */

/* Begin PBXGroup section */
		512A2D202A751DC200115AFC = {
			isa = PBXGroup;
			children = (
				512A2D2B2A751DC200115AFC /* TwitterClone */,
				512A2D2A2A751DC200115AFC /* Products */,
			);
			sourceTree = "<group>";
		};
		512A2D2A2A751DC200115AFC /* Products */ = {
			isa = PBXGroup;
			children = (
				512A2D292A751DC200115AFC /* TwitterClone.app */,
			);
			name = Products;
			sourceTree = "<group>";
		};
		512A2D2B2A751DC200115AFC /* TwitterClone */ = {
			isa = PBXGroup;
			children = (
				512A2D742A76ACB700115AFC /* Models */,
				512A2D6F2A76433C00115AFC /* Networking */,
				512A2D6C2A763D1C00115AFC /* ViewModels */,
				512A2D4A2A75244D00115AFC /* Views */,
				512A2D402A751F6300115AFC /* Controllers */,
				512A2D2C2A751DC200115AFC /* AppDelegate.swift */,
				512A2D2E2A751DC200115AFC /* SceneDelegate.swift */,
				512A2D352A751DC300115AFC /* Assets.xcassets */,
				512A2D372A751DC300115AFC /* LaunchScreen.storyboard */,
				512A2D3A2A751DC300115AFC /* Info.plist */,
				512A2D522A757E8200115AFC /* GoogleService-Info.plist */,
			);
			path = TwitterClone;
			sourceTree = "<group>";
		};
		512A2D402A751F6300115AFC /* Controllers */ = {
			isa = PBXGroup;
			children = (
				512A2D672A7585D300115AFC /* Onboarding */,
				512A2D4D2A7536C700115AFC /* General */,
				512A2D412A751F6E00115AFC /* Core */,
			);
			path = Controllers;
			sourceTree = "<group>";
		};
		512A2D412A751F6E00115AFC /* Core */ = {
			isa = PBXGroup;
			children = (
				512A2D302A751DC200115AFC /* MainTabBarViewController.swift */,
				512A2D422A751F8600115AFC /* HomeViewController.swift */,
				512A2D442A751F9200115AFC /* SearchViewController.swift */,
				512A2D462A751F9E00115AFC /* NotificationViewController.swift */,
				512A2D482A751FAE00115AFC /* DirectMessagesViewController.swift */,
			);
			path = Core;
			sourceTree = "<group>";
		};
		512A2D4A2A75244D00115AFC /* Views */ = {
			isa = PBXGroup;
			children = (
				512A2D4B2A75246500115AFC /* TweetTableViewCell.swift */,
				512A2D502A753B4B00115AFC /* ProfileTableViewHeader.swift */,
			);
			path = Views;
			sourceTree = "<group>";
		};
		512A2D4D2A7536C700115AFC /* General */ = {
			isa = PBXGroup;
			children = (
				512A2D4E2A7536D700115AFC /* ProfileViewController.swift */,
				512A2D7B2A76BC3A00115AFC /* ProfileDataFormViewController.swift */,
			);
			path = General;
			sourceTree = "<group>";
		};
		512A2D672A7585D300115AFC /* Onboarding */ = {
			isa = PBXGroup;
			children = (
				512A2D682A7585ED00115AFC /* OnboardingViewController.swift */,
				512A2D6A2A758DFA00115AFC /* RegisterViewController.swift */,
				512A2D722A7655E000115AFC /* LoginViewController.swift */,
			);
			path = Onboarding;
			sourceTree = "<group>";
		};
		512A2D6C2A763D1C00115AFC /* ViewModels */ = {
			isa = PBXGroup;
			children = (
				512A2D6D2A763DE800115AFC /* AuthenticationViewViewModel.swift */,
				512A2D792A76B66500115AFC /* HomeViewViewModel.swift */,
				512A2D7D2A76BD2500115AFC /* ProfileDataFormViewViewModel.swift */,
			);
			path = ViewModels;
			sourceTree = "<group>";
		};
		512A2D6F2A76433C00115AFC /* Networking */ = {
			isa = PBXGroup;
			children = (
				512A2D702A76434700115AFC /* AuthManager.swift */,
				512A2D772A76AD9100115AFC /* DatabaseManager.swift */,
			);
			path = Networking;
			sourceTree = "<group>";
		};
		512A2D742A76ACB700115AFC /* Models */ = {
			isa = PBXGroup;
			children = (
				512A2D752A76ACEB00115AFC /* TwitterUser.swift */,
			);
			path = Models;
			sourceTree = "<group>";
		};
/* End PBXGroup section */

/* Begin PBXNativeTarget section */
		512A2D282A751DC200115AFC /* TwitterClone */ = {
			isa = PBXNativeTarget;
			buildConfigurationList = 512A2D3D2A751DC300115AFC /* Build configuration list for PBXNativeTarget "TwitterClone" */;
			buildPhases = (
				512A2D252A751DC200115AFC /* Sources */,
				512A2D262A751DC200115AFC /* Frameworks */,
				512A2D272A751DC200115AFC /* Resources */,
			);
			buildRules = (
			);
			dependencies = (
			);
			name = TwitterClone;
			packageProductDependencies = (
				512A2D552A75836A00115AFC /* FirebaseAuth */,
				512A2D572A75836A00115AFC /* FirebaseAuthCombine-Community */,
				512A2D592A75836A00115AFC /* FirebaseDatabase */,
				512A2D5B2A75836A00115AFC /* FirebaseDatabaseSwift */,
				512A2D5D2A75836A00115AFC /* FirebaseFirestore */,
				512A2D5F2A75836A00115AFC /* FirebaseFirestoreCombine-Community */,
				512A2D612A75836A00115AFC /* FirebaseFirestoreSwift */,
				512A2D632A75836A00115AFC /* FirebaseStorage */,
				512A2D652A75836A00115AFC /* FirebaseStorageCombine-Community */,
			);
			productName = TwitterClone;
			productReference = 512A2D292A751DC200115AFC /* TwitterClone.app */;
			productType = "com.apple.product-type.application";
		};
/* End PBXNativeTarget section */

/* Begin PBXProject section */
		512A2D212A751DC200115AFC /* Project object */ = {
			isa = PBXProject;
			attributes = {
				BuildIndependentTargetsInParallel = 1;
				LastSwiftUpdateCheck = 1430;
				LastUpgradeCheck = 1430;
				TargetAttributes = {
					512A2D282A751DC200115AFC = {
						CreatedOnToolsVersion = 14.3;
					};
				};
			};
			buildConfigurationList = 512A2D242A751DC200115AFC /* Build configuration list for PBXProject "TwitterClone" */;
			compatibilityVersion = "Xcode 14.0";
			developmentRegion = en;
			hasScannedForEncodings = 0;
			knownRegions = (
				en,
				Base,
			);
			mainGroup = 512A2D202A751DC200115AFC;
			packageReferences = (
				512A2D542A75836A00115AFC /* XCRemoteSwiftPackageReference "firebase-ios-sdk" */,
			);
			productRefGroup = 512A2D2A2A751DC200115AFC /* Products */;
			projectDirPath = "";
			projectRoot = "";
			targets = (
				512A2D282A751DC200115AFC /* TwitterClone */,
			);
		};
/* End PBXProject section */

/* Begin PBXResourcesBuildPhase section */
		512A2D272A751DC200115AFC /* Resources */ = {
			isa = PBXResourcesBuildPhase;
			buildActionMask = 2147483647;
			files = (
				512A2D392A751DC300115AFC /* LaunchScreen.storyboard in Resources */,
				512A2D362A751DC300115AFC /* Assets.xcassets in Resources */,
				512A2D532A757E8200115AFC /* GoogleService-Info.plist in Resources */,
			);
			runOnlyForDeploymentPostprocessing = 0;
		};
/* End PBXResourcesBuildPhase section */

/* Begin PBXSourcesBuildPhase section */
		512A2D252A751DC200115AFC /* Sources */ = {
			isa = PBXSourcesBuildPhase;
			buildActionMask = 2147483647;
			files = (
				512A2D452A751F9200115AFC /* SearchViewController.swift in Sources */,
				512A2D712A76434700115AFC /* AuthManager.swift in Sources */,
				512A2D312A751DC200115AFC /* MainTabBarViewController.swift in Sources */,
				512A2D732A7655E000115AFC /* LoginViewController.swift in Sources */,
				512A2D782A76AD9100115AFC /* DatabaseManager.swift in Sources */,
				512A2D472A751F9E00115AFC /* NotificationViewController.swift in Sources */,
				512A2D6B2A758DFA00115AFC /* RegisterViewController.swift in Sources */,
				512A2D2D2A751DC200115AFC /* AppDelegate.swift in Sources */,
				512A2D2F2A751DC200115AFC /* SceneDelegate.swift in Sources */,
				512A2D432A751F8600115AFC /* HomeViewController.swift in Sources */,
				512A2D6E2A763DE800115AFC /* AuthenticationViewViewModel.swift in Sources */,
				512A2D7E2A76BD2500115AFC /* ProfileDataFormViewViewModel.swift in Sources */,
				512A2D4F2A7536D700115AFC /* ProfileViewController.swift in Sources */,
				512A2D492A751FAE00115AFC /* DirectMessagesViewController.swift in Sources */,
				512A2D512A753B4B00115AFC /* ProfileTableViewHeader.swift in Sources */,
				512A2D7C2A76BC3A00115AFC /* ProfileDataFormViewController.swift in Sources */,
				512A2D692A7585ED00115AFC /* OnboardingViewController.swift in Sources */,
				512A2D762A76ACEB00115AFC /* TwitterUser.swift in Sources */,
				512A2D7A2A76B66500115AFC /* HomeViewViewModel.swift in Sources */,
				512A2D4C2A75246500115AFC /* TweetTableViewCell.swift in Sources */,
			);
			runOnlyForDeploymentPostprocessing = 0;
		};
/* End PBXSourcesBuildPhase section */

/* Begin PBXVariantGroup section */
		512A2D372A751DC300115AFC /* LaunchScreen.storyboard */ = {
			isa = PBXVariantGroup;
			children = (
				512A2D382A751DC300115AFC /* Base */,
			);
			name = LaunchScreen.storyboard;
			sourceTree = "<group>";
		};
/* End PBXVariantGroup section */

/* Begin XCBuildConfiguration section */
		512A2D3B2A751DC300115AFC /* Debug */ = {
			isa = XCBuildConfiguration;
			buildSettings = {
				ALWAYS_SEARCH_USER_PATHS = NO;
				CLANG_ANALYZER_NONNULL = YES;
				CLANG_ANALYZER_NUMBER_OBJECT_CONVERSION = YES_AGGRESSIVE;
				CLANG_CXX_LANGUAGE_STANDARD = "gnu++20";
				CLANG_ENABLE_MODULES = YES;
				CLANG_ENABLE_OBJC_ARC = YES;
				CLANG_ENABLE_OBJC_WEAK = YES;
				CLANG_WARN_BLOCK_CAPTURE_AUTORELEASING = YES;
				CLANG_WARN_BOOL_CONVERSION = YES;
				CLANG_WARN_COMMA = YES;
				CLANG_WARN_CONSTANT_CONVERSION = YES;
				CLANG_WARN_DEPRECATED_OBJC_IMPLEMENTATIONS = YES;
				CLANG_WARN_DIRECT_OBJC_ISA_USAGE = YES_ERROR;
				CLANG_WARN_DOCUMENTATION_COMMENTS = YES;
				CLANG_WARN_EMPTY_BODY = YES;
				CLANG_WARN_ENUM_CONVERSION = YES;
				CLANG_WARN_INFINITE_RECURSION = YES;
				CLANG_WARN_INT_CONVERSION = YES;
				CLANG_WARN_NON_LITERAL_NULL_CONVERSION = YES;
				CLANG_WARN_OBJC_IMPLICIT_RETAIN_SELF = YES;
				CLANG_WARN_OBJC_LITERAL_CONVERSION = YES;
				CLANG_WARN_OBJC_ROOT_CLASS = YES_ERROR;
				CLANG_WARN_QUOTED_INCLUDE_IN_FRAMEWORK_HEADER = YES;
				CLANG_WARN_RANGE_LOOP_ANALYSIS = YES;
				CLANG_WARN_STRICT_PROTOTYPES = YES;
				CLANG_WARN_SUSPICIOUS_MOVE = YES;
				CLANG_WARN_UNGUARDED_AVAILABILITY = YES_AGGRESSIVE;
				CLANG_WARN_UNREACHABLE_CODE = YES;
				CLANG_WARN__DUPLICATE_METHOD_MATCH = YES;
				COPY_PHASE_STRIP = NO;
				DEBUG_INFORMATION_FORMAT = dwarf;
				ENABLE_STRICT_OBJC_MSGSEND = YES;
				ENABLE_TESTABILITY = YES;
				GCC_C_LANGUAGE_STANDARD = gnu11;
				GCC_DYNAMIC_NO_PIC = NO;
				GCC_NO_COMMON_BLOCKS = YES;
				GCC_OPTIMIZATION_LEVEL = 0;
				GCC_PREPROCESSOR_DEFINITIONS = (
					"DEBUG=1",
					"$(inherited)",
				);
				GCC_WARN_64_TO_32_BIT_CONVERSION = YES;
				GCC_WARN_ABOUT_RETURN_TYPE = YES_ERROR;
				GCC_WARN_UNDECLARED_SELECTOR = YES;
				GCC_WARN_UNINITIALIZED_AUTOS = YES_AGGRESSIVE;
				GCC_WARN_UNUSED_FUNCTION = YES;
				GCC_WARN_UNUSED_VARIABLE = YES;
				IPHONEOS_DEPLOYMENT_TARGET = 16.4;
				MTL_ENABLE_DEBUG_INFO = INCLUDE_SOURCE;
				MTL_FAST_MATH = YES;
				ONLY_ACTIVE_ARCH = YES;
				SDKROOT = iphoneos;
				SWIFT_ACTIVE_COMPILATION_CONDITIONS = DEBUG;
				SWIFT_OPTIMIZATION_LEVEL = "-Onone";
			};
			name = Debug;
		};
		512A2D3C2A751DC300115AFC /* Release */ = {
			isa = XCBuildConfiguration;
			buildSettings = {
				ALWAYS_SEARCH_USER_PATHS = NO;
				CLANG_ANALYZER_NONNULL = YES;
				CLANG_ANALYZER_NUMBER_OBJECT_CONVERSION = YES_AGGRESSIVE;
				CLANG_CXX_LANGUAGE_STANDARD = "gnu++20";
				CLANG_ENABLE_MODULES = YES;
				CLANG_ENABLE_OBJC_ARC = YES;
				CLANG_ENABLE_OBJC_WEAK = YES;
				CLANG_WARN_BLOCK_CAPTURE_AUTORELEASING = YES;
				CLANG_WARN_BOOL_CONVERSION = YES;
				CLANG_WARN_COMMA = YES;
				CLANG_WARN_CONSTANT_CONVERSION = YES;
				CLANG_WARN_DEPRECATED_OBJC_IMPLEMENTATIONS = YES;
				CLANG_WARN_DIRECT_OBJC_ISA_USAGE = YES_ERROR;
				CLANG_WARN_DOCUMENTATION_COMMENTS = YES;
				CLANG_WARN_EMPTY_BODY = YES;
				CLANG_WARN_ENUM_CONVERSION = YES;
				CLANG_WARN_INFINITE_RECURSION = YES;
				CLANG_WARN_INT_CONVERSION = YES;
				CLANG_WARN_NON_LITERAL_NULL_CONVERSION = YES;
				CLANG_WARN_OBJC_IMPLICIT_RETAIN_SELF = YES;
				CLANG_WARN_OBJC_LITERAL_CONVERSION = YES;
				CLANG_WARN_OBJC_ROOT_CLASS = YES_ERROR;
				CLANG_WARN_QUOTED_INCLUDE_IN_FRAMEWORK_HEADER = YES;
				CLANG_WARN_RANGE_LOOP_ANALYSIS = YES;
				CLANG_WARN_STRICT_PROTOTYPES = YES;
				CLANG_WARN_SUSPICIOUS_MOVE = YES;
				CLANG_WARN_UNGUARDED_AVAILABILITY = YES_AGGRESSIVE;
				CLANG_WARN_UNREACHABLE_CODE = YES;
				CLANG_WARN__DUPLICATE_METHOD_MATCH = YES;
				COPY_PHASE_STRIP = NO;
				DEBUG_INFORMATION_FORMAT = "dwarf-with-dsym";
				ENABLE_NS_ASSERTIONS = NO;
				ENABLE_STRICT_OBJC_MSGSEND = YES;
				GCC_C_LANGUAGE_STANDARD = gnu11;
				GCC_NO_COMMON_BLOCKS = YES;
				GCC_WARN_64_TO_32_BIT_CONVERSION = YES;
				GCC_WARN_ABOUT_RETURN_TYPE = YES_ERROR;
				GCC_WARN_UNDECLARED_SELECTOR = YES;
				GCC_WARN_UNINITIALIZED_AUTOS = YES_AGGRESSIVE;
				GCC_WARN_UNUSED_FUNCTION = YES;
				GCC_WARN_UNUSED_VARIABLE = YES;
				IPHONEOS_DEPLOYMENT_TARGET = 16.4;
				MTL_ENABLE_DEBUG_INFO = NO;
				MTL_FAST_MATH = YES;
				SDKROOT = iphoneos;
				SWIFT_COMPILATION_MODE = wholemodule;
				SWIFT_OPTIMIZATION_LEVEL = "-O";
				VALIDATE_PRODUCT = YES;
			};
			name = Release;
		};
		512A2D3E2A751DC300115AFC /* Debug */ = {
			isa = XCBuildConfiguration;
			buildSettings = {
				ASSETCATALOG_COMPILER_APPICON_NAME = AppIcon;
				ASSETCATALOG_COMPILER_GLOBAL_ACCENT_COLOR_NAME = AccentColor;
				CODE_SIGN_STYLE = Automatic;
				CURRENT_PROJECT_VERSION = 1;
				GENERATE_INFOPLIST_FILE = YES;
				INFOPLIST_FILE = TwitterClone/Info.plist;
				INFOPLIST_KEY_UIApplicationSupportsIndirectInputEvents = YES;
				INFOPLIST_KEY_UILaunchStoryboardName = LaunchScreen;
				INFOPLIST_KEY_UISupportedInterfaceOrientations_iPad = "UIInterfaceOrientationPortrait UIInterfaceOrientationPortraitUpsideDown UIInterfaceOrientationLandscapeLeft UIInterfaceOrientationLandscapeRight";
				INFOPLIST_KEY_UISupportedInterfaceOrientations_iPhone = "UIInterfaceOrientationPortrait UIInterfaceOrientationLandscapeLeft UIInterfaceOrientationLandscapeRight";
				LD_RUNPATH_SEARCH_PATHS = (
					"$(inherited)",
					"@executable_path/Frameworks",
				);
				MARKETING_VERSION = 1.0;
				PRODUCT_BUNDLE_IDENTIFIER = com.gangburit.TwitterClone;
				PRODUCT_NAME = "$(TARGET_NAME)";
				SWIFT_EMIT_LOC_STRINGS = YES;
				SWIFT_VERSION = 5.0;
				TARGETED_DEVICE_FAMILY = "1,2";
			};
			name = Debug;
		};
		512A2D3F2A751DC300115AFC /* Release */ = {
			isa = XCBuildConfiguration;
			buildSettings = {
				ASSETCATALOG_COMPILER_APPICON_NAME = AppIcon;
				ASSETCATALOG_COMPILER_GLOBAL_ACCENT_COLOR_NAME = AccentColor;
				CODE_SIGN_STYLE = Automatic;
				CURRENT_PROJECT_VERSION = 1;
				GENERATE_INFOPLIST_FILE = YES;
				INFOPLIST_FILE = TwitterClone/Info.plist;
				INFOPLIST_KEY_UIApplicationSupportsIndirectInputEvents = YES;
				INFOPLIST_KEY_UILaunchStoryboardName = LaunchScreen;
				INFOPLIST_KEY_UISupportedInterfaceOrientations_iPad = "UIInterfaceOrientationPortrait UIInterfaceOrientationPortraitUpsideDown UIInterfaceOrientationLandscapeLeft UIInterfaceOrientationLandscapeRight";
				INFOPLIST_KEY_UISupportedInterfaceOrientations_iPhone = "UIInterfaceOrientationPortrait UIInterfaceOrientationLandscapeLeft UIInterfaceOrientationLandscapeRight";
				LD_RUNPATH_SEARCH_PATHS = (
					"$(inherited)",
					"@executable_path/Frameworks",
				);
				MARKETING_VERSION = 1.0;
				PRODUCT_BUNDLE_IDENTIFIER = com.gangburit.TwitterClone;
				PRODUCT_NAME = "$(TARGET_NAME)";
				SWIFT_EMIT_LOC_STRINGS = YES;
				SWIFT_VERSION = 5.0;
				TARGETED_DEVICE_FAMILY = "1,2";
			};
			name = Release;
		};
/* End XCBuildConfiguration section */

/* Begin XCConfigurationList section */
		512A2D242A751DC200115AFC /* Build configuration list for PBXProject "TwitterClone" */ = {
			isa = XCConfigurationList;
			buildConfigurations = (
				512A2D3B2A751DC300115AFC /* Debug */,
				512A2D3C2A751DC300115AFC /* Release */,
			);
			defaultConfigurationIsVisible = 0;
			defaultConfigurationName = Release;
		};
		512A2D3D2A751DC300115AFC /* Build configuration list for PBXNativeTarget "TwitterClone" */ = {
			isa = XCConfigurationList;
			buildConfigurations = (
				512A2D3E2A751DC300115AFC /* Debug */,
				512A2D3F2A751DC300115AFC /* Release */,
			);
			defaultConfigurationIsVisible = 0;
			defaultConfigurationName = Release;
		};
/* End XCConfigurationList section */

/* Begin XCRemoteSwiftPackageReference section */
		512A2D542A75836A00115AFC /* XCRemoteSwiftPackageReference "firebase-ios-sdk" */ = {
			isa = XCRemoteSwiftPackageReference;
			repositoryURL = "https://github.com/firebase/firebase-ios-sdk";
			requirement = {
				kind = upToNextMinorVersion;
				minimumVersion = 10.12.0;
			};
		};
/* End XCRemoteSwiftPackageReference section */

/* Begin XCSwiftPackageProductDependency section */
		512A2D552A75836A00115AFC /* FirebaseAuth */ = {
			isa = XCSwiftPackageProductDependency;
			package = 512A2D542A75836A00115AFC /* XCRemoteSwiftPackageReference "firebase-ios-sdk" */;
			productName = FirebaseAuth;
		};
		512A2D572A75836A00115AFC /* FirebaseAuthCombine-Community */ = {
			isa = XCSwiftPackageProductDependency;
			package = 512A2D542A75836A00115AFC /* XCRemoteSwiftPackageReference "firebase-ios-sdk" */;
			productName = "FirebaseAuthCombine-Community";
		};
		512A2D592A75836A00115AFC /* FirebaseDatabase */ = {
			isa = XCSwiftPackageProductDependency;
			package = 512A2D542A75836A00115AFC /* XCRemoteSwiftPackageReference "firebase-ios-sdk" */;
			productName = FirebaseDatabase;
		};
		512A2D5B2A75836A00115AFC /* FirebaseDatabaseSwift */ = {
			isa = XCSwiftPackageProductDependency;
			package = 512A2D542A75836A00115AFC /* XCRemoteSwiftPackageReference "firebase-ios-sdk" */;
			productName = FirebaseDatabaseSwift;
		};
		512A2D5D2A75836A00115AFC /* FirebaseFirestore */ = {
			isa = XCSwiftPackageProductDependency;
			package = 512A2D542A75836A00115AFC /* XCRemoteSwiftPackageReference "firebase-ios-sdk" */;
			productName = FirebaseFirestore;
		};
		512A2D5F2A75836A00115AFC /* FirebaseFirestoreCombine-Community */ = {
			isa = XCSwiftPackageProductDependency;
			package = 512A2D542A75836A00115AFC /* XCRemoteSwiftPackageReference "firebase-ios-sdk" */;
			productName = "FirebaseFirestoreCombine-Community";
		};
		512A2D612A75836A00115AFC /* FirebaseFirestoreSwift */ = {
			isa = XCSwiftPackageProductDependency;
			package = 512A2D542A75836A00115AFC /* XCRemoteSwiftPackageReference "firebase-ios-sdk" */;
			productName = FirebaseFirestoreSwift;
		};
		512A2D632A75836A00115AFC /* FirebaseStorage */ = {
			isa = XCSwiftPackageProductDependency;
			package = 512A2D542A75836A00115AFC /* XCRemoteSwiftPackageReference "firebase-ios-sdk" */;
			productName = FirebaseStorage;
		};
		512A2D652A75836A00115AFC /* FirebaseStorageCombine-Community */ = {
			isa = XCSwiftPackageProductDependency;
			package = 512A2D542A75836A00115AFC /* XCRemoteSwiftPackageReference "firebase-ios-sdk" */;
			productName = "FirebaseStorageCombine-Community";
		};
/* End XCSwiftPackageProductDependency section */
	};
	rootObject = 512A2D212A751DC200115AFC /* Project object */;
}
